
Microsoft Visual Studio Solution File, Format Version 12.00
# Visual Studio Version 17
VisualStudioVersion = 17.5.33627.172
MinimumVisualStudioVersion = 10.0.40219.1
Project("{FAE04EC0-301F-11D3-BF4B-00C04F79EFBC}") = "zadanie8", "zadanie8\zadanie8.csproj", "{A56178CD-49CD-4C76-9BE1-0E35D010AB79}"
EndProject
Global
	GlobalSection(SolutionConfigurationPlatforms) = preSolution
		Debug|Any CPU = Debug|Any CPU
		Release|Any CPU = Release|Any CPU
	EndGlobalSection
	GlobalSection(ProjectConfigurationPlatforms) = postSolution
		{A56178CD-49CD-4C76-9BE1-0E35D010AB79}.Debug|Any CPU.ActiveCfg = Debug|Any CPU
		{A56178CD-49CD-4C76-9BE1-0E35D010AB79}.Debug|Any CPU.Build.0 = Debug|Any CPU
		{A56178CD-49CD-4C76-9BE1-0E35D010AB79}.Release|Any CPU.ActiveCfg = Release|Any CPU
		{A56178CD-49CD-4C76-9BE1-0E35D010AB79}.Release|Any CPU.Build.0 = Release|Any CPU
	EndGlobalSection
	GlobalSection(SolutionProperties) = preSolution
		HideSolutionNode = FALSE
	EndGlobalSection
	GlobalSection(ExtensibilityGlobals) = postSolution
		SolutionGuid = {3C5DA093-6015-4A20-B96C-881BAF3EC8C3}
	EndGlobalSection
EndGlobal
