
Microsoft Visual Studio Solution File, Format Version 12.00
# Visual Studio Version 17
VisualStudioVersion = 17.5.33627.172
MinimumVisualStudioVersion = 10.0.40219.1
Project("{FAE04EC0-301F-11D3-BF4B-00C04F79EFBC}") = "zadanie2", "zadanie2\zadanie2.csproj", "{D15C7D8C-CB4A-46D1-ABE4-BD158EB6775E}"
EndProject
Global
	GlobalSection(SolutionConfigurationPlatforms) = preSolution
		Debug|Any CPU = Debug|Any CPU
		Release|Any CPU = Release|Any CPU
	EndGlobalSection
	GlobalSection(ProjectConfigurationPlatforms) = postSolution
		{D15C7D8C-CB4A-46D1-ABE4-BD158EB6775E}.Debug|Any CPU.ActiveCfg = Debug|Any CPU
		{D15C7D8C-CB4A-46D1-ABE4-BD158EB6775E}.Debug|Any CPU.Build.0 = Debug|Any CPU
		{D15C7D8C-CB4A-46D1-ABE4-BD158EB6775E}.Release|Any CPU.ActiveCfg = Release|Any CPU
		{D15C7D8C-CB4A-46D1-ABE4-BD158EB6775E}.Release|Any CPU.Build.0 = Release|Any CPU
	EndGlobalSection
	GlobalSection(SolutionProperties) = preSolution
		HideSolutionNode = FALSE
	EndGlobalSection
	GlobalSection(ExtensibilityGlobals) = postSolution
		SolutionGuid = {BA3A8CBC-3166-4D55-B273-FA2889447A51}
	EndGlobalSection
EndGlobal
